// !$*UTF8*$!
{
	archiveVersion = 1;
	classes = {
	};
	objectVersion = 46;
	objects = {

/* Begin PBXBuildFile section */
		243E59E51D48A94200416DE6 /* main.m in Sources */ = {isa = PBXBuildFile; fileRef = 243E59E41D48A94200416DE6 /* main.m */; };
		243E59E81D48A94200416DE6 /* AppDelegate.m in Sources */ = {isa = PBXBuildFile; fileRef = 243E59E71D48A94200416DE6 /* AppDelegate.m */; };
		243E59EB1D48A94200416DE6 /* ViewController.m in Sources */ = {isa = PBXBuildFile; fileRef = 243E59EA1D48A94200416DE6 /* ViewController.m */; };
		243E59EE1D48A94200416DE6 /* Main.storyboard in Resources */ = {isa = PBXBuildFile; fileRef = 243E59EC1D48A94200416DE6 /* Main.storyboard */; };
		243E59F01D48A94200416DE6 /* Assets.xcassets in Resources */ = {isa = PBXBuildFile; fileRef = 243E59EF1D48A94200416DE6 /* Assets.xcassets */; };
		243E59F31D48A94200416DE6 /* LaunchScreen.storyboard in Resources */ = {isa = PBXBuildFile; fileRef = 243E59F11D48A94200416DE6 /* LaunchScreen.storyboard */; };
		243E59FC1D48AC0C00416DE6 /* ZCWTableViewCell.m in Sources */ = {isa = PBXBuildFile; fileRef = 243E59FB1D48AC0C00416DE6 /* ZCWTableViewCell.m */; };
		243E5A071D4AF3E000416DE6 /* barrageCell.m in Sources */ = {isa = PBXBuildFile; fileRef = 243E5A061D4AF3E000416DE6 /* barrageCell.m */; };
		243E5A0C1D4B567000416DE6 /* DMHeartFlyView.m in Sources */ = {isa = PBXBuildFile; fileRef = 243E5A0B1D4B567000416DE6 /* DMHeartFlyView.m */; };
/* End PBXBuildFile section */

/* Begin PBXFileReference section */
		243E59E01D48A94200416DE6 /* tableviewAddCell.app */ = {isa = PBXFileReference; explicitFileType = wrapper.application; includeInIndex = 0; path = tableviewAddCell.app; sourceTree = BUILT_PRODUCTS_DIR; };
		243E59E41D48A94200416DE6 /* main.m */ = {isa = PBXFileReference; lastKnownFileType = sourcecode.c.objc; path = main.m; sourceTree = "<group>"; };
		243E59E61D48A94200416DE6 /* AppDelegate.h */ = {isa = PBXFileReference; lastKnownFileType = sourcecode.c.h; path = AppDelegate.h; sourceTree = "<group>"; };
		243E59E71D48A94200416DE6 /* AppDelegate.m */ = {isa = PBXFileReference; lastKnownFileType = sourcecode.c.objc; path = AppDelegate.m; sourceTree = "<group>"; };
		243E59E91D48A94200416DE6 /* ViewController.h */ = {isa = PBXFileReference; lastKnownFileType = sourcecode.c.h; path = ViewController.h; sourceTree = "<group>"; };
		243E59EA1D48A94200416DE6 /* ViewController.m */ = {isa = PBXFileReference; lastKnownFileType = sourcecode.c.objc; path = ViewController.m; sourceTree = "<group>"; };
		243E59ED1D48A94200416DE6 /* Base */ = {isa = PBXFileReference; lastKnownFileType = file.storyboard; name = Base; path = Base.lproj/Main.storyboard; sourceTree = "<group>"; };
		243E59EF1D48A94200416DE6 /* Assets.xcassets */ = {isa = PBXFileReference; lastKnownFileType = folder.assetcatalog; path = Assets.xcassets; sourceTree = "<group>"; };
		243E59F21D48A94200416DE6 /* Base */ = {isa = PBXFileReference; lastKnownFileType = file.storyboard; name = Base; path = Base.lproj/LaunchScreen.storyboard; sourceTree = "<group>"; };
		243E59F41D48A94200416DE6 /* Info.plist */ = {isa = PBXFileReference; lastKnownFileType = text.plist.xml; path = Info.plist; sourceTree = "<group>"; };
		243E59FA1D48AC0C00416DE6 /* ZCWTableViewCell.h */ = {isa = PBXFileReference; fileEncoding = 4; lastKnownFileType = sourcecode.c.h; path = ZCWTableViewCell.h; sourceTree = "<group>"; };
		243E59FB1D48AC0C00416DE6 /* ZCWTableViewCell.m */ = {isa = PBXFileReference; fileEncoding = 4; lastKnownFileType = sourcecode.c.objc; path = ZCWTableViewCell.m; sourceTree = "<group>"; };
		243E5A051D4AF3E000416DE6 /* barrageCell.h */ = {isa = PBXFileReference; fileEncoding = 4; lastKnownFileType = sourcecode.c.h; path = barrageCell.h; sourceTree = "<group>"; };
		243E5A061D4AF3E000416DE6 /* barrageCell.m */ = {isa = PBXFileReference; fileEncoding = 4; lastKnownFileType = sourcecode.c.objc; path = barrageCell.m; sourceTree = "<group>"; };
		243E5A0A1D4B567000416DE6 /* DMHeartFlyView.h */ = {isa = PBXFileReference; fileEncoding = 4; lastKnownFileType = sourcecode.c.h; path = DMHeartFlyView.h; sourceTree = "<group>"; };
		243E5A0B1D4B567000416DE6 /* DMHeartFlyView.m */ = {isa = PBXFileReference; fileEncoding = 4; lastKnownFileType = sourcecode.c.objc; path = DMHeartFlyView.m; sourceTree = "<group>"; };
/* End PBXFileReference section */

/* Begin PBXFrameworksBuildPhase section */
		243E59DD1D48A94200416DE6 /* Frameworks */ = {
			isa = PBXFrameworksBuildPhase;
			buildActionMask = 2147483647;
			files = (
			);
			runOnlyForDeploymentPostprocessing = 0;
		};
/* End PBXFrameworksBuildPhase section */

/* Begin PBXGroup section */
		243E59D71D48A94200416DE6 = {
			isa = PBXGroup;
			children = (
				243E59E21D48A94200416DE6 /* tableviewAddCell */,
				243E59E11D48A94200416DE6 /* Products */,
			);
			sourceTree = "<group>";
		};
		243E59E11D48A94200416DE6 /* Products */ = {
			isa = PBXGroup;
			children = (
				243E59E01D48A94200416DE6 /* tableviewAddCell.app */,
			);
			name = Products;
			sourceTree = "<group>";
		};
		243E59E21D48A94200416DE6 /* tableviewAddCell */ = {
			isa = PBXGroup;
			children = (
				243E59E61D48A94200416DE6 /* AppDelegate.h */,
				243E59E71D48A94200416DE6 /* AppDelegate.m */,
				243E59E91D48A94200416DE6 /* ViewController.h */,
				243E59EA1D48A94200416DE6 /* ViewController.m */,
				243E5A051D4AF3E000416DE6 /* barrageCell.h */,
				243E5A061D4AF3E000416DE6 /* barrageCell.m */,
				243E5A0A1D4B567000416DE6 /* DMHeartFlyView.h */,
				243E5A0B1D4B567000416DE6 /* DMHeartFlyView.m */,
				243E59EC1D48A94200416DE6 /* Main.storyboard */,
				243E59EF1D48A94200416DE6 /* Assets.xcassets */,
				243E59F11D48A94200416DE6 /* LaunchScreen.storyboard */,
				243E59F41D48A94200416DE6 /* Info.plist */,
				243E59FA1D48AC0C00416DE6 /* ZCWTableViewCell.h */,
				243E59FB1D48AC0C00416DE6 /* ZCWTableViewCell.m */,
				243E59E31D48A94200416DE6 /* Supporting Files */,
			);
			path = tableviewAddCell;
			sourceTree = "<group>";
		};
		243E59E31D48A94200416DE6 /* Supporting Files */ = {
			isa = PBXGroup;
			children = (
				243E59E41D48A94200416DE6 /* main.m */,
			);
			name = "Supporting Files";
			sourceTree = "<group>";
		};
/* End PBXGroup section */

/* Begin PBXNativeTarget section */
		243E59DF1D48A94200416DE6 /* tableviewAddCell */ = {
			isa = PBXNativeTarget;
			buildConfigurationList = 243E59F71D48A94200416DE6 /* Build configuration list for PBXNativeTarget "tableviewAddCell" */;
			buildPhases = (
				243E59DC1D48A94200416DE6 /* Sources */,
				243E59DD1D48A94200416DE6 /* Frameworks */,
				243E59DE1D48A94200416DE6 /* Resources */,
			);
			buildRules = (
			);
			dependencies = (
			);
			name = tableviewAddCell;
			productName = tableviewAddCell;
			productReference = 243E59E01D48A94200416DE6 /* tableviewAddCell.app */;
			productType = "com.apple.product-type.application";
		};
/* End PBXNativeTarget section */

/* Begin PBXProject section */
		243E59D81D48A94200416DE6 /* Project object */ = {
			isa = PBXProject;
			attributes = {
				LastUpgradeCheck = 0720;
				ORGANIZATIONNAME = amailive;
				TargetAttributes = {
					243E59DF1D48A94200416DE6 = {
						CreatedOnToolsVersion = 7.2;
					};
				};
			};
			buildConfigurationList = 243E59DB1D48A94200416DE6 /* Build configuration list for PBXProject "tableviewAddCell" */;
			compatibilityVersion = "Xcode 3.2";
			developmentRegion = English;
			hasScannedForEncodings = 0;
			knownRegions = (
				en,
				Base,
			);
			mainGroup = 243E59D71D48A94200416DE6;
			productRefGroup = 243E59E11D48A94200416DE6 /* Products */;
			projectDirPath = "";
			projectRoot = "";
			targets = (
				243E59DF1D48A94200416DE6 /* tableviewAddCell */,
			);
		};
/* End PBXProject section */

/* Begin PBXResourcesBuildPhase section */
		243E59DE1D48A94200416DE6 /* Resources */ = {
			isa = PBXResourcesBuildPhase;
			buildActionMask = 2147483647;
			files = (
				243E59F31D48A94200416DE6 /* LaunchScreen.storyboard in Resources */,
				243E59F01D48A94200416DE6 /* Assets.xcassets in Resources */,
				243E59EE1D48A94200416DE6 /* Main.storyboard in Resources */,
			);
			runOnlyForDeploymentPostprocessing = 0;
		};
/* End PBXResourcesBuildPhase section */

/* Begin PBXSourcesBuildPhase section */
		243E59DC1D48A94200416DE6 /* Sources */ = {
			isa = PBXSourcesBuildPhase;
			buildActionMask = 2147483647;
			files = (
				243E59FC1D48AC0C00416DE6 /* ZCWTableViewCell.m in Sources */,
				243E5A071D4AF3E000416DE6 /* barrageCell.m in Sources */,
				243E5A0C1D4B567000416DE6 /* DMHeartFlyView.m in Sources */,
				243E59EB1D48A94200416DE6 /* ViewController.m in Sources */,
				243E59E81D48A94200416DE6 /* AppDelegate.m in Sources */,
				243E59E51D48A94200416DE6 /* main.m in Sources */,
			);
			runOnlyForDeploymentPostprocessing = 0;
		};
/* End PBXSourcesBuildPhase section */

/* Begin PBXVariantGroup section */
		243E59EC1D48A94200416DE6 /* Main.storyboard */ = {
			isa = PBXVariantGroup;
			children = (
				243E59ED1D48A94200416DE6 /* Base */,
			);
			name = Main.storyboard;
			sourceTree = "<group>";
		};
		243E59F11D48A94200416DE6 /* LaunchScreen.storyboard */ = {
			isa = PBXVariantGroup;
			children = (
				243E59F21D48A94200416DE6 /* Base */,
			);
			name = LaunchScreen.storyboard;
			sourceTree = "<group>";
		};
/* End PBXVariantGroup section */

/* Begin XCBuildConfiguration section */
		243E59F51D48A94200416DE6 /* Debug */ = {
			isa = XCBuildConfiguration;
			buildSettings = {
				ALWAYS_SEARCH_USER_PATHS = NO;
				CLANG_CXX_LANGUAGE_STANDARD = "gnu++0x";
				CLANG_CXX_LIBRARY = "libc++";
				CLANG_ENABLE_MODULES = YES;
				CLANG_ENABLE_OBJC_ARC = YES;
				CLANG_WARN_BOOL_CONVERSION = YES;
				CLANG_WARN_CONSTANT_CONVERSION = YES;
				CLANG_WARN_DIRECT_OBJC_ISA_USAGE = YES_ERROR;
				CLANG_WARN_EMPTY_BODY = YES;
				CLANG_WARN_ENUM_CONVERSION = YES;
				CLANG_WARN_INT_CONVERSION = YES;
				CLANG_WARN_OBJC_ROOT_CLASS = YES_ERROR;
				CLANG_WARN_UNREACHABLE_CODE = YES;
				CLANG_WARN__DUPLICATE_METHOD_MATCH = YES;
				"CODE_SIGN_IDENTITY[sdk=iphoneos*]" = "iPhone Developer";
				COPY_PHASE_STRIP = NO;
				DEBUG_INFORMATION_FORMAT = dwarf;
				ENABLE_STRICT_OBJC_MSGSEND = YES;
				ENABLE_TESTABILITY = YES;
				GCC_C_LANGUAGE_STANDARD = gnu99;
				GCC_DYNAMIC_NO_PIC = NO;
				GCC_NO_COMMON_BLOCKS = YES;
				GCC_OPTIMIZATION_LEVEL = 0;
				GCC_PREPROCESSOR_DEFINITIONS = (
					"DEBUG=1",
					"$(inherited)",
				);
				GCC_WARN_64_TO_32_BIT_CONVERSION = YES;
				GCC_WARN_ABOUT_RETURN_TYPE = YES_ERROR;
				GCC_WARN_UNDECLARED_SELECTOR = YES;
				GCC_WARN_UNINITIALIZED_AUTOS = YES_AGGRESSIVE;
				GCC_WARN_UNUSED_FUNCTION = YES;
				GCC_WARN_UNUSED_VARIABLE = YES;
				IPHONEOS_DEPLOYMENT_TARGET = 9.2;
				MTL_ENABLE_DEBUG_INFO = YES;
				ONLY_ACTIVE_ARCH = YES;
				SDKROOT = iphoneos;
			};
			name = Debug;
		};
		243E59F61D48A94200416DE6 /* Release */ = {
			isa = XCBuildConfiguration;
			buildSettings = {
				ALWAYS_SEARCH_USER_PATHS = NO;
				CLANG_CXX_LANGUAGE_STANDARD = "gnu++0x";
				CLANG_CXX_LIBRARY = "libc++";
				CLANG_ENABLE_MODULES = YES;
				CLANG_ENABLE_OBJC_ARC = YES;
				CLANG_WARN_BOOL_CONVERSION = YES;
				CLANG_WARN_CONSTANT_CONVERSION = YES;
				CLANG_WARN_DIRECT_OBJC_ISA_USAGE = YES_ERROR;
				CLANG_WARN_EMPTY_BODY = YES;
				CLANG_WARN_ENUM_CONVERSION = YES;
				CLANG_WARN_INT_CONVERSION = YES;
				CLANG_WARN_OBJC_ROOT_CLASS = YES_ERROR;
				CLANG_WARN_UNREACHABLE_CODE = YES;
				CLANG_WARN__DUPLICATE_METHOD_MATCH = YES;
				"CODE_SIGN_IDENTITY[sdk=iphoneos*]" = "iPhone Developer";
				COPY_PHASE_STRIP = NO;
				DEBUG_INFORMATION_FORMAT = "dwarf-with-dsym";
				ENABLE_NS_ASSERTIONS = NO;
				ENABLE_STRICT_OBJC_MSGSEND = YES;
				GCC_C_LANGUAGE_STANDARD = gnu99;
				GCC_NO_COMMON_BLOCKS = YES;
				GCC_WARN_64_TO_32_BIT_CONVERSION = YES;
				GCC_WARN_ABOUT_RETURN_TYPE = YES_ERROR;
				GCC_WARN_UNDECLARED_SELECTOR = YES;
				GCC_WARN_UNINITIALIZED_AUTOS = YES_AGGRESSIVE;
				GCC_WARN_UNUSED_FUNCTION = YES;
				GCC_WARN_UNUSED_VARIABLE = YES;
				IPHONEOS_DEPLOYMENT_TARGET = 9.2;
				MTL_ENABLE_DEBUG_INFO = NO;
				SDKROOT = iphoneos;
				VALIDATE_PRODUCT = YES;
			};
			name = Release;
		};
		243E59F81D48A94200416DE6 /* Debug */ = {
			isa = XCBuildConfiguration;
			buildSettings = {
				ASSETCATALOG_COMPILER_APPICON_NAME = AppIcon;
				INFOPLIST_FILE = tableviewAddCell/Info.plist;
				LD_RUNPATH_SEARCH_PATHS = "$(inherited) @executable_path/Frameworks";
				PRODUCT_BUNDLE_IDENTIFIER = com.amailive.zcw.tableviewAddCell;
				PRODUCT_NAME = "$(TARGET_NAME)";
			};
			name = Debug;
		};
		243E59F91D48A94200416DE6 /* Release */ = {
			isa = XCBuildConfiguration;
			buildSettings = {
				ASSETCATALOG_COMPILER_APPICON_NAME = AppIcon;
				INFOPLIST_FILE = tableviewAddCell/Info.plist;
				LD_RUNPATH_SEARCH_PATHS = "$(inherited) @executable_path/Frameworks";
				PRODUCT_BUNDLE_IDENTIFIER = com.amailive.zcw.tableviewAddCell;
				PRODUCT_NAME = "$(TARGET_NAME)";
			};
			name = Release;
		};
/* End XCBuildConfiguration section */

/* Begin XCConfigurationList section */
		243E59DB1D48A94200416DE6 /* Build configuration list for PBXProject "tableviewAddCell" */ = {
			isa = XCConfigurationList;
			buildConfigurations = (
				243E59F51D48A94200416DE6 /* Debug */,
				243E59F61D48A94200416DE6 /* Release */,
			);
			defaultConfigurationIsVisible = 0;
			defaultConfigurationName = Release;
		};
		243E59F71D48A94200416DE6 /* Build configuration list for PBXNativeTarget "tableviewAddCell" */ = {
			isa = XCConfigurationList;
			buildConfigurations = (
				243E59F81D48A94200416DE6 /* Debug */,
				243E59F91D48A94200416DE6 /* Release */,
			);
			defaultConfigurationIsVisible = 0;
		};
/* End XCConfigurationList section */
	};
	rootObject = 243E59D81D48A94200416DE6 /* Project object */;
}
